// !$*UTF8*$!
{
	archiveVersion = 1;
	classes = {
	};
	objectVersion = 50;
	objects = {

/* Begin PBXBuildFile section */
		D31A60BD226830AE00BAF17B /* AppDelegate.swift in Sources */ = {isa = PBXBuildFile; fileRef = D31A60BC226830AE00BAF17B /* AppDelegate.swift */; };
		D31A60BF226830AE00BAF17B /* ViewController.swift in Sources */ = {isa = PBXBuildFile; fileRef = D31A60BE226830AE00BAF17B /* ViewController.swift */; };
		D31A60C2226830AE00BAF17B /* Main.storyboard in Resources */ = {isa = PBXBuildFile; fileRef = D31A60C0226830AE00BAF17B /* Main.storyboard */; };
		D31A60C4226830AF00BAF17B /* Assets.xcassets in Resources */ = {isa = PBXBuildFile; fileRef = D31A60C3226830AF00BAF17B /* Assets.xcassets */; };
		D31A60C7226830AF00BAF17B /* LaunchScreen.storyboard in Resources */ = {isa = PBXBuildFile; fileRef = D31A60C5226830AF00BAF17B /* LaunchScreen.storyboard */; };
		D36A6E8B226831B900186724 /* Media.xcassets in Resources */ = {isa = PBXBuildFile; fileRef = D36A6E8A226831B900186724 /* Media.xcassets */; };
		D36A6E8D226831B900186724 /* ActionViewController.swift in Sources */ = {isa = PBXBuildFile; fileRef = D36A6E8C226831B900186724 /* ActionViewController.swift */; };
		D36A6E90226831B900186724 /* MainInterface.storyboard in Resources */ = {isa = PBXBuildFile; fileRef = D36A6E8E226831B900186724 /* MainInterface.storyboard */; };
		D36A6E94226831B900186724 /* Extension.appex in Embed App Extensions */ = {isa = PBXBuildFile; fileRef = D36A6E88226831B900186724 /* Extension.appex */; settings = {ATTRIBUTES = (RemoveHeadersOnCopy, ); }; };
		D36A6E9A2268344C00186724 /* Action.js in Resources */ = {isa = PBXBuildFile; fileRef = D36A6E992268344C00186724 /* Action.js */; };
/* End PBXBuildFile section */

/* Begin PBXContainerItemProxy section */
		D36A6E92226831B900186724 /* PBXContainerItemProxy */ = {
			isa = PBXContainerItemProxy;
			containerPortal = D31A60B1226830AE00BAF17B /* Project object */;
			proxyType = 1;
			remoteGlobalIDString = D36A6E87226831B900186724;
			remoteInfo = Extension;
		};
/* End PBXContainerItemProxy section */

/* Begin PBXCopyFilesBuildPhase section */
		D36A6E98226831B900186724 /* Embed App Extensions */ = {
			isa = PBXCopyFilesBuildPhase;
			buildActionMask = 2147483647;
			dstPath = "";
			dstSubfolderSpec = 13;
			files = (
				D36A6E94226831B900186724 /* Extension.appex in Embed App Extensions */,
			);
			name = "Embed App Extensions";
			runOnlyForDeploymentPostprocessing = 0;
		};
/* End PBXCopyFilesBuildPhase section */

/* Begin PBXFileReference section */
		D31A60B9226830AE00BAF17B /* Project19.app */ = {isa = PBXFileReference; explicitFileType = wrapper.application; includeInIndex = 0; path = Project19.app; sourceTree = BUILT_PRODUCTS_DIR; };
		D31A60BC226830AE00BAF17B /* AppDelegate.swift */ = {isa = PBXFileReference; lastKnownFileType = sourcecode.swift; path = AppDelegate.swift; sourceTree = "<group>"; };
		D31A60BE226830AE00BAF17B /* ViewController.swift */ = {isa = PBXFileReference; lastKnownFileType = sourcecode.swift; path = ViewController.swift; sourceTree = "<group>"; };
		D31A60C1226830AE00BAF17B /* Base */ = {isa = PBXFileReference; lastKnownFileType = file.storyboard; name = Base; path = Base.lproj/Main.storyboard; sourceTree = "<group>"; };
		D31A60C3226830AF00BAF17B /* Assets.xcassets */ = {isa = PBXFileReference; lastKnownFileType = folder.assetcatalog; path = Assets.xcassets; sourceTree = "<group>"; };
		D31A60C6226830AF00BAF17B /* Base */ = {isa = PBXFileReference; lastKnownFileType = file.storyboard; name = Base; path = Base.lproj/LaunchScreen.storyboard; sourceTree = "<group>"; };
		D31A60C8226830AF00BAF17B /* Info.plist */ = {isa = PBXFileReference; lastKnownFileType = text.plist.xml; path = Info.plist; sourceTree = "<group>"; };
		D36A6E88226831B900186724 /* Extension.appex */ = {isa = PBXFileReference; explicitFileType = "wrapper.app-extension"; includeInIndex = 0; path = Extension.appex; sourceTree = BUILT_PRODUCTS_DIR; };
		D36A6E8A226831B900186724 /* Media.xcassets */ = {isa = PBXFileReference; lastKnownFileType = folder.assetcatalog; path = Media.xcassets; sourceTree = "<group>"; };
		D36A6E8C226831B900186724 /* ActionViewController.swift */ = {isa = PBXFileReference; lastKnownFileType = sourcecode.swift; path = ActionViewController.swift; sourceTree = "<group>"; };
		D36A6E8F226831B900186724 /* Base */ = {isa = PBXFileReference; lastKnownFileType = file.storyboard; name = Base; path = Base.lproj/MainInterface.storyboard; sourceTree = "<group>"; };
		D36A6E91226831B900186724 /* Info.plist */ = {isa = PBXFileReference; lastKnownFileType = text.plist.xml; path = Info.plist; sourceTree = "<group>"; };
		D36A6E992268344C00186724 /* Action.js */ = {isa = PBXFileReference; lastKnownFileType = sourcecode.javascript; path = Action.js; sourceTree = "<group>"; };
/* End PBXFileReference section */

/* Begin PBXFrameworksBuildPhase section */
		D31A60B6226830AE00BAF17B /* Frameworks */ = {
			isa = PBXFrameworksBuildPhase;
			buildActionMask = 2147483647;
			files = (
			);
			runOnlyForDeploymentPostprocessing = 0;
		};
		D36A6E85226831B900186724 /* Frameworks */ = {
			isa = PBXFrameworksBuildPhase;
			buildActionMask = 2147483647;
			files = (
			);
			runOnlyForDeploymentPostprocessing = 0;
		};
/* End PBXFrameworksBuildPhase section */

/* Begin PBXGroup section */
		D31A60B0226830AE00BAF17B = {
			isa = PBXGroup;
			children = (
				D31A60BB226830AE00BAF17B /* Project19 */,
				D36A6E89226831B900186724 /* Extension */,
				D31A60BA226830AE00BAF17B /* Products */,
			);
			sourceTree = "<group>";
		};
		D31A60BA226830AE00BAF17B /* Products */ = {
			isa = PBXGroup;
			children = (
				D31A60B9226830AE00BAF17B /* Project19.app */,
				D36A6E88226831B900186724 /* Extension.appex */,
			);
			name = Products;
			sourceTree = "<group>";
		};
		D31A60BB226830AE00BAF17B /* Project19 */ = {
			isa = PBXGroup;
			children = (
				D31A60BC226830AE00BAF17B /* AppDelegate.swift */,
				D31A60BE226830AE00BAF17B /* ViewController.swift */,
				D31A60C0226830AE00BAF17B /* Main.storyboard */,
				D31A60C3226830AF00BAF17B /* Assets.xcassets */,
				D31A60C5226830AF00BAF17B /* LaunchScreen.storyboard */,
				D31A60C8226830AF00BAF17B /* Info.plist */,
			);
			path = Project19;
			sourceTree = "<group>";
		};
		D36A6E89226831B900186724 /* Extension */ = {
			isa = PBXGroup;
			children = (
				D36A6E8A226831B900186724 /* Media.xcassets */,
				D36A6E8C226831B900186724 /* ActionViewController.swift */,
				D36A6E8E226831B900186724 /* MainInterface.storyboard */,
				D36A6E91226831B900186724 /* Info.plist */,
				D36A6E992268344C00186724 /* Action.js */,
			);
			path = Extension;
			sourceTree = "<group>";
		};
/* End PBXGroup section */

/* Begin PBXNativeTarget section */
		D31A60B8226830AE00BAF17B /* Project19 */ = {
			isa = PBXNativeTarget;
			buildConfigurationList = D31A60CB226830AF00BAF17B /* Build configuration list for PBXNativeTarget "Project19" */;
			buildPhases = (
				D31A60B5226830AE00BAF17B /* Sources */,
				D31A60B6226830AE00BAF17B /* Frameworks */,
				D31A60B7226830AE00BAF17B /* Resources */,
				D36A6E98226831B900186724 /* Embed App Extensions */,
			);
			buildRules = (
			);
			dependencies = (
				D36A6E93226831B900186724 /* PBXTargetDependency */,
			);
			name = Project19;
			productName = Project19;
			productReference = D31A60B9226830AE00BAF17B /* Project19.app */;
			productType = "com.apple.product-type.application";
		};
		D36A6E87226831B900186724 /* Extension */ = {
			isa = PBXNativeTarget;
			buildConfigurationList = D36A6E97226831B900186724 /* Build configuration list for PBXNativeTarget "Extension" */;
			buildPhases = (
				D36A6E84226831B900186724 /* Sources */,
				D36A6E85226831B900186724 /* Frameworks */,
				D36A6E86226831B900186724 /* Resources */,
			);
			buildRules = (
			);
			dependencies = (
			);
			name = Extension;
			productName = Extension;
			productReference = D36A6E88226831B900186724 /* Extension.appex */;
			productType = "com.apple.product-type.app-extension";
		};
/* End PBXNativeTarget section */

/* Begin PBXProject section */
		D31A60B1226830AE00BAF17B /* Project object */ = {
			isa = PBXProject;
			attributes = {
				LastSwiftUpdateCheck = 1020;
				LastUpgradeCheck = 1020;
				ORGANIZATIONNAME = "Jason Mitchell";
				TargetAttributes = {
					D31A60B8226830AE00BAF17B = {
						CreatedOnToolsVersion = 10.2;
					};
					D36A6E87226831B900186724 = {
						CreatedOnToolsVersion = 10.2;
					};
				};
			};
			buildConfigurationList = D31A60B4226830AE00BAF17B /* Build configuration list for PBXProject "Project19" */;
			compatibilityVersion = "Xcode 9.3";
			developmentRegion = en;
			hasScannedForEncodings = 0;
			knownRegions = (
				en,
				Base,
			);
			mainGroup = D31A60B0226830AE00BAF17B;
			productRefGroup = D31A60BA226830AE00BAF17B /* Products */;
			projectDirPath = "";
			projectRoot = "";
			targets = (
				D31A60B8226830AE00BAF17B /* Project19 */,
				D36A6E87226831B900186724 /* Extension */,
			);
		};
/* End PBXProject section */

/* Begin PBXResourcesBuildPhase section */
		D31A60B7226830AE00BAF17B /* Resources */ = {
			isa = PBXResourcesBuildPhase;
			buildActionMask = 2147483647;
			files = (
				D31A60C7226830AF00BAF17B /* LaunchScreen.storyboard in Resources */,
				D31A60C4226830AF00BAF17B /* Assets.xcassets in Resources */,
				D31A60C2226830AE00BAF17B /* Main.storyboard in Resources */,
			);
			runOnlyForDeploymentPostprocessing = 0;
		};
		D36A6E86226831B900186724 /* Resources */ = {
			isa = PBXResourcesBuildPhase;
			buildActionMask = 2147483647;
			files = (
				D36A6E9A2268344C00186724 /* Action.js in Resources */,
				D36A6E8B226831B900186724 /* Media.xcassets in Resources */,
				D36A6E90226831B900186724 /* MainInterface.storyboard in Resources */,
			);
			runOnlyForDeploymentPostprocessing = 0;
		};
/* End PBXResourcesBuildPhase section */

/* Begin PBXSourcesBuildPhase section */
		D31A60B5226830AE00BAF17B /* Sources */ = {
			isa = PBXSourcesBuildPhase;
			buildActionMask = 2147483647;
			files = (
				D31A60BF226830AE00BAF17B /* ViewController.swift in Sources */,
				D31A60BD226830AE00BAF17B /* AppDelegate.swift in Sources */,
			);
			runOnlyForDeploymentPostprocessing = 0;
		};
		D36A6E84226831B900186724 /* Sources */ = {
			isa = PBXSourcesBuildPhase;
			buildActionMask = 2147483647;
			files = (
				D36A6E8D226831B900186724 /* ActionViewController.swift in Sources */,
			);
			runOnlyForDeploymentPostprocessing = 0;
		};
/* End PBXSourcesBuildPhase section */

/* Begin PBXTargetDependency section */
		D36A6E93226831B900186724 /* PBXTargetDependency */ = {
			isa = PBXTargetDependency;
			target = D36A6E87226831B900186724 /* Extension */;
			targetProxy = D36A6E92226831B900186724 /* PBXContainerItemProxy */;
		};
/* End PBXTargetDependency section */

/* Begin PBXVariantGroup section */
		D31A60C0226830AE00BAF17B /* Main.storyboard */ = {
			isa = PBXVariantGroup;
			children = (
				D31A60C1226830AE00BAF17B /* Base */,
			);
			name = Main.storyboard;
			sourceTree = "<group>";
		};
		D31A60C5226830AF00BAF17B /* LaunchScreen.storyboard */ = {
			isa = PBXVariantGroup;
			children = (
				D31A60C6226830AF00BAF17B /* Base */,
			);
			name = LaunchScreen.storyboard;
			sourceTree = "<group>";
		};
		D36A6E8E226831B900186724 /* MainInterface.storyboard */ = {
			isa = PBXVariantGroup;
			children = (
				D36A6E8F226831B900186724 /* Base */,
			);
			name = MainInterface.storyboard;
			sourceTree = "<group>";
		};
/* End PBXVariantGroup section */

/* Begin XCBuildConfiguration section */
		D31A60C9226830AF00BAF17B /* Debug */ = {
			isa = XCBuildConfiguration;
			buildSettings = {
				ALWAYS_SEARCH_USER_PATHS = NO;
				CLANG_ANALYZER_NONNULL = YES;
				CLANG_ANALYZER_NUMBER_OBJECT_CONVERSION = YES_AGGRESSIVE;
				CLANG_CXX_LANGUAGE_STANDARD = "gnu++14";
				CLANG_CXX_LIBRARY = "libc++";
				CLANG_ENABLE_MODULES = YES;
				CLANG_ENABLE_OBJC_ARC = YES;
				CLANG_ENABLE_OBJC_WEAK = YES;
				CLANG_WARN_BLOCK_CAPTURE_AUTORELEASING = YES;
				CLANG_WARN_BOOL_CONVERSION = YES;
				CLANG_WARN_COMMA = YES;
				CLANG_WARN_CONSTANT_CONVERSION = YES;
				CLANG_WARN_DEPRECATED_OBJC_IMPLEMENTATIONS = YES;
				CLANG_WARN_DIRECT_OBJC_ISA_USAGE = YES_ERROR;
				CLANG_WARN_DOCUMENTATION_COMMENTS = YES;
				CLANG_WARN_EMPTY_BODY = YES;
				CLANG_WARN_ENUM_CONVERSION = YES;
				CLANG_WARN_INFINITE_RECURSION = YES;
				CLANG_WARN_INT_CONVERSION = YES;
				CLANG_WARN_NON_LITERAL_NULL_CONVERSION = YES;
				CLANG_WARN_OBJC_IMPLICIT_RETAIN_SELF = YES;
				CLANG_WARN_OBJC_LITERAL_CONVERSION = YES;
				CLANG_WARN_OBJC_ROOT_CLASS = YES_ERROR;
				CLANG_WARN_RANGE_LOOP_ANALYSIS = YES;
				CLANG_WARN_STRICT_PROTOTYPES = YES;
				CLANG_WARN_SUSPICIOUS_MOVE = YES;
				CLANG_WARN_UNGUARDED_AVAILABILITY = YES_AGGRESSIVE;
				CLANG_WARN_UNREACHABLE_CODE = YES;
				CLANG_WARN__DUPLICATE_METHOD_MATCH = YES;
				CODE_SIGN_IDENTITY = "iPhone Developer";
				COPY_PHASE_STRIP = NO;
				DEBUG_INFORMATION_FORMAT = dwarf;
				ENABLE_STRICT_OBJC_MSGSEND = YES;
				ENABLE_TESTABILITY = YES;
				GCC_C_LANGUAGE_STANDARD = gnu11;
				GCC_DYNAMIC_NO_PIC = NO;
				GCC_NO_COMMON_BLOCKS = YES;
				GCC_OPTIMIZATION_LEVEL = 0;
				GCC_PREPROCESSOR_DEFINITIONS = (
					"DEBUG=1",
					"$(inherited)",
				);
				GCC_WARN_64_TO_32_BIT_CONVERSION = YES;
				GCC_WARN_ABOUT_RETURN_TYPE = YES_ERROR;
				GCC_WARN_UNDECLARED_SELECTOR = YES;
				GCC_WARN_UNINITIALIZED_AUTOS = YES_AGGRESSIVE;
				GCC_WARN_UNUSED_FUNCTION = YES;
				GCC_WARN_UNUSED_VARIABLE = YES;
				IPHONEOS_DEPLOYMENT_TARGET = 12.2;
				MTL_ENABLE_DEBUG_INFO = INCLUDE_SOURCE;
				MTL_FAST_MATH = YES;
				ONLY_ACTIVE_ARCH = YES;
				SDKROOT = iphoneos;
				SWIFT_ACTIVE_COMPILATION_CONDITIONS = DEBUG;
				SWIFT_OPTIMIZATION_LEVEL = "-Onone";
			};
			name = Debug;
		};
		D31A60CA226830AF00BAF17B /* Release */ = {
			isa = XCBuildConfiguration;
			buildSettings = {
				ALWAYS_SEARCH_USER_PATHS = NO;
				CLANG_ANALYZER_NONNULL = YES;
				CLANG_ANALYZER_NUMBER_OBJECT_CONVERSION = YES_AGGRESSIVE;
				CLANG_CXX_LANGUAGE_STANDARD = "gnu++14";
				CLANG_CXX_LIBRARY = "libc++";
				CLANG_ENABLE_MODULES = YES;
				CLANG_ENABLE_OBJC_ARC = YES;
				CLANG_ENABLE_OBJC_WEAK = YES;
				CLANG_WARN_BLOCK_CAPTURE_AUTORELEASING = YES;
				CLANG_WARN_BOOL_CONVERSION = YES;
				CLANG_WARN_COMMA = YES;
				CLANG_WARN_CONSTANT_CONVERSION = YES;
				CLANG_WARN_DEPRECATED_OBJC_IMPLEMENTATIONS = YES;
				CLANG_WARN_DIRECT_OBJC_ISA_USAGE = YES_ERROR;
				CLANG_WARN_DOCUMENTATION_COMMENTS = YES;
				CLANG_WARN_EMPTY_BODY = YES;
				CLANG_WARN_ENUM_CONVERSION = YES;
				CLANG_WARN_INFINITE_RECURSION = YES;
				CLANG_WARN_INT_CONVERSION = YES;
				CLANG_WARN_NON_LITERAL_NULL_CONVERSION = YES;
				CLANG_WARN_OBJC_IMPLICIT_RETAIN_SELF = YES;
				CLANG_WARN_OBJC_LITERAL_CONVERSION = YES;
				CLANG_WARN_OBJC_ROOT_CLASS = YES_ERROR;
				CLANG_WARN_RANGE_LOOP_ANALYSIS = YES;
				CLANG_WARN_STRICT_PROTOTYPES = YES;
				CLANG_WARN_SUSPICIOUS_MOVE = YES;
				CLANG_WARN_UNGUARDED_AVAILABILITY = YES_AGGRESSIVE;
				CLANG_WARN_UNREACHABLE_CODE = YES;
				CLANG_WARN__DUPLICATE_METHOD_MATCH = YES;
				CODE_SIGN_IDENTITY = "iPhone Developer";
				COPY_PHASE_STRIP = NO;
				DEBUG_INFORMATION_FORMAT = "dwarf-with-dsym";
				ENABLE_NS_ASSERTIONS = NO;
				ENABLE_STRICT_OBJC_MSGSEND = YES;
				GCC_C_LANGUAGE_STANDARD = gnu11;
				GCC_NO_COMMON_BLOCKS = YES;
				GCC_WARN_64_TO_32_BIT_CONVERSION = YES;
				GCC_WARN_ABOUT_RETURN_TYPE = YES_ERROR;
				GCC_WARN_UNDECLARED_SELECTOR = YES;
				GCC_WARN_UNINITIALIZED_AUTOS = YES_AGGRESSIVE;
				GCC_WARN_UNUSED_FUNCTION = YES;
				GCC_WARN_UNUSED_VARIABLE = YES;
				IPHONEOS_DEPLOYMENT_TARGET = 12.2;
				MTL_ENABLE_DEBUG_INFO = NO;
				MTL_FAST_MATH = YES;
				SDKROOT = iphoneos;
				SWIFT_COMPILATION_MODE = wholemodule;
				SWIFT_OPTIMIZATION_LEVEL = "-O";
				VALIDATE_PRODUCT = YES;
			};
			name = Release;
		};
		D31A60CC226830AF00BAF17B /* Debug */ = {
			isa = XCBuildConfiguration;
			buildSettings = {
				ALWAYS_EMBED_SWIFT_STANDARD_LIBRARIES = YES;
				ASSETCATALOG_COMPILER_APPICON_NAME = AppIcon;
				CODE_SIGN_STYLE = Automatic;
				DEVELOPMENT_TEAM = FT544A278F;
				INFOPLIST_FILE = Project19/Info.plist;
				LD_RUNPATH_SEARCH_PATHS = (
					"$(inherited)",
					"@executable_path/Frameworks",
				);
				PRODUCT_BUNDLE_IDENTIFIER = com.devjm.Project19;
				PRODUCT_NAME = "$(TARGET_NAME)";
				SWIFT_VERSION = 5.0;
				TARGETED_DEVICE_FAMILY = "1,2";
			};
			name = Debug;
		};
		D31A60CD226830AF00BAF17B /* Release */ = {
			isa = XCBuildConfiguration;
			buildSettings = {
				ALWAYS_EMBED_SWIFT_STANDARD_LIBRARIES = YES;
				ASSETCATALOG_COMPILER_APPICON_NAME = AppIcon;
				CODE_SIGN_STYLE = Automatic;
				DEVELOPMENT_TEAM = FT544A278F;
				INFOPLIST_FILE = Project19/Info.plist;
				LD_RUNPATH_SEARCH_PATHS = (
					"$(inherited)",
					"@executable_path/Frameworks",
				);
				PRODUCT_BUNDLE_IDENTIFIER = com.devjm.Project19;
				PRODUCT_NAME = "$(TARGET_NAME)";
				SWIFT_VERSION = 5.0;
				TARGETED_DEVICE_FAMILY = "1,2";
			};
			name = Release;
		};
		D36A6E95226831B900186724 /* Debug */ = {
			isa = XCBuildConfiguration;
			buildSettings = {
				CODE_SIGN_STYLE = Automatic;
				DEVELOPMENT_TEAM = FT544A278F;
				INFOPLIST_FILE = Extension/Info.plist;
				LD_RUNPATH_SEARCH_PATHS = (
					"$(inherited)",
					"@executable_path/Frameworks",
					"@executable_path/../../Frameworks",
				);
				PRODUCT_BUNDLE_IDENTIFIER = com.devjm.Project19.Extension;
				PRODUCT_NAME = "$(TARGET_NAME)";
				SKIP_INSTALL = YES;
				SWIFT_VERSION = 5.0;
				TARGETED_DEVICE_FAMILY = "1,2";
			};
			name = Debug;
		};
		D36A6E96226831B900186724 /* Release */ = {
			isa = XCBuildConfiguration;
			buildSettings = {
				CODE_SIGN_STYLE = Automatic;
				DEVELOPMENT_TEAM = FT544A278F;
				INFOPLIST_FILE = Extension/Info.plist;
				LD_RUNPATH_SEARCH_PATHS = (
					"$(inherited)",
					"@executable_path/Frameworks",
					"@executable_path/../../Frameworks",
				);
				PRODUCT_BUNDLE_IDENTIFIER = com.devjm.Project19.Extension;
				PRODUCT_NAME = "$(TARGET_NAME)";
				SKIP_INSTALL = YES;
				SWIFT_VERSION = 5.0;
				TARGETED_DEVICE_FAMILY = "1,2";
			};
			name = Release;
		};
/* End XCBuildConfiguration section */

/* Begin XCConfigurationList section */
		D31A60B4226830AE00BAF17B /* Build configuration list for PBXProject "Project19" */ = {
			isa = XCConfigurationList;
			buildConfigurations = (
				D31A60C9226830AF00BAF17B /* Debug */,
				D31A60CA226830AF00BAF17B /* Release */,
			);
			defaultConfigurationIsVisible = 0;
			defaultConfigurationName = Release;
		};
		D31A60CB226830AF00BAF17B /* Build configuration list for PBXNativeTarget "Project19" */ = {
			isa = XCConfigurationList;
			buildConfigurations = (
				D31A60CC226830AF00BAF17B /* Debug */,
				D31A60CD226830AF00BAF17B /* Release */,
			);
			defaultConfigurationIsVisible = 0;
			defaultConfigurationName = Release;
		};
		D36A6E97226831B900186724 /* Build configuration list for PBXNativeTarget "Extension" */ = {
			isa = XCConfigurationList;
			buildConfigurations = (
				D36A6E95226831B900186724 /* Debug */,
				D36A6E96226831B900186724 /* Release */,
			);
			defaultConfigurationIsVisible = 0;
			defaultConfigurationName = Release;
		};
/* End XCConfigurationList section */
	};
	rootObject = D31A60B1226830AE00BAF17B /* Project object */;
}
