// !$*UTF8*$!
{
	archiveVersion = 1;
	classes = {
	};
	objectVersion = 50;
	objects = {

/* Begin PBXBuildFile section */
		D307A10E2283EAA100FF0C96 /* KeychainWrapper.swift in Sources */ = {isa = PBXBuildFile; fileRef = D307A10C2283EAA100FF0C96 /* KeychainWrapper.swift */; };
		D307A10F2283EAA100FF0C96 /* KeychainItemAccessibility.swift in Sources */ = {isa = PBXBuildFile; fileRef = D307A10D2283EAA100FF0C96 /* KeychainItemAccessibility.swift */; };
		D3D22D0C2283E76D00B96536 /* AppDelegate.swift in Sources */ = {isa = PBXBuildFile; fileRef = D3D22D0B2283E76D00B96536 /* AppDelegate.swift */; };
		D3D22D0E2283E76D00B96536 /* ViewController.swift in Sources */ = {isa = PBXBuildFile; fileRef = D3D22D0D2283E76D00B96536 /* ViewController.swift */; };
		D3D22D112283E76D00B96536 /* Main.storyboard in Resources */ = {isa = PBXBuildFile; fileRef = D3D22D0F2283E76D00B96536 /* Main.storyboard */; };
		D3D22D132283E76E00B96536 /* Assets.xcassets in Resources */ = {isa = PBXBuildFile; fileRef = D3D22D122283E76E00B96536 /* Assets.xcassets */; };
		D3D22D162283E76E00B96536 /* LaunchScreen.storyboard in Resources */ = {isa = PBXBuildFile; fileRef = D3D22D142283E76E00B96536 /* LaunchScreen.storyboard */; };
/* End PBXBuildFile section */

/* Begin PBXFileReference section */
		D307A10C2283EAA100FF0C96 /* KeychainWrapper.swift */ = {isa = PBXFileReference; fileEncoding = 4; lastKnownFileType = sourcecode.swift; path = KeychainWrapper.swift; sourceTree = "<group>"; };
		D307A10D2283EAA100FF0C96 /* KeychainItemAccessibility.swift */ = {isa = PBXFileReference; fileEncoding = 4; lastKnownFileType = sourcecode.swift; path = KeychainItemAccessibility.swift; sourceTree = "<group>"; };
		D3D22D082283E76D00B96536 /* Project28.app */ = {isa = PBXFileReference; explicitFileType = wrapper.application; includeInIndex = 0; path = Project28.app; sourceTree = BUILT_PRODUCTS_DIR; };
		D3D22D0B2283E76D00B96536 /* AppDelegate.swift */ = {isa = PBXFileReference; lastKnownFileType = sourcecode.swift; path = AppDelegate.swift; sourceTree = "<group>"; };
		D3D22D0D2283E76D00B96536 /* ViewController.swift */ = {isa = PBXFileReference; lastKnownFileType = sourcecode.swift; path = ViewController.swift; sourceTree = "<group>"; };
		D3D22D102283E76D00B96536 /* Base */ = {isa = PBXFileReference; lastKnownFileType = file.storyboard; name = Base; path = Base.lproj/Main.storyboard; sourceTree = "<group>"; };
		D3D22D122283E76E00B96536 /* Assets.xcassets */ = {isa = PBXFileReference; lastKnownFileType = folder.assetcatalog; path = Assets.xcassets; sourceTree = "<group>"; };
		D3D22D152283E76E00B96536 /* Base */ = {isa = PBXFileReference; lastKnownFileType = file.storyboard; name = Base; path = Base.lproj/LaunchScreen.storyboard; sourceTree = "<group>"; };
		D3D22D172283E76E00B96536 /* Info.plist */ = {isa = PBXFileReference; lastKnownFileType = text.plist.xml; path = Info.plist; sourceTree = "<group>"; };
/* End PBXFileReference section */

/* Begin PBXFrameworksBuildPhase section */
		D3D22D052283E76D00B96536 /* Frameworks */ = {
			isa = PBXFrameworksBuildPhase;
			buildActionMask = 2147483647;
			files = (
			);
			runOnlyForDeploymentPostprocessing = 0;
		};
/* End PBXFrameworksBuildPhase section */

/* Begin PBXGroup section */
		D3D22CFF2283E76D00B96536 = {
			isa = PBXGroup;
			children = (
				D3D22D0A2283E76D00B96536 /* Project28 */,
				D3D22D092283E76D00B96536 /* Products */,
			);
			sourceTree = "<group>";
		};
		D3D22D092283E76D00B96536 /* Products */ = {
			isa = PBXGroup;
			children = (
				D3D22D082283E76D00B96536 /* Project28.app */,
			);
			name = Products;
			sourceTree = "<group>";
		};
		D3D22D0A2283E76D00B96536 /* Project28 */ = {
			isa = PBXGroup;
			children = (
				D3D22D0B2283E76D00B96536 /* AppDelegate.swift */,
				D3D22D0D2283E76D00B96536 /* ViewController.swift */,
				D3D22D0F2283E76D00B96536 /* Main.storyboard */,
				D3D22D122283E76E00B96536 /* Assets.xcassets */,
				D3D22D142283E76E00B96536 /* LaunchScreen.storyboard */,
				D3D22D172283E76E00B96536 /* Info.plist */,
				D307A10D2283EAA100FF0C96 /* KeychainItemAccessibility.swift */,
				D307A10C2283EAA100FF0C96 /* KeychainWrapper.swift */,
			);
			path = Project28;
			sourceTree = "<group>";
		};
/* End PBXGroup section */

/* Begin PBXNativeTarget section */
		D3D22D072283E76D00B96536 /* Project28 */ = {
			isa = PBXNativeTarget;
			buildConfigurationList = D3D22D1A2283E76E00B96536 /* Build configuration list for PBXNativeTarget "Project28" */;
			buildPhases = (
				D3D22D042283E76D00B96536 /* Sources */,
				D3D22D052283E76D00B96536 /* Frameworks */,
				D3D22D062283E76D00B96536 /* Resources */,
			);
			buildRules = (
			);
			dependencies = (
			);
			name = Project28;
			productName = Project28;
			productReference = D3D22D082283E76D00B96536 /* Project28.app */;
			productType = "com.apple.product-type.application";
		};
/* End PBXNativeTarget section */

/* Begin PBXProject section */
		D3D22D002283E76D00B96536 /* Project object */ = {
			isa = PBXProject;
			attributes = {
				LastSwiftUpdateCheck = 1020;
				LastUpgradeCheck = 1020;
				ORGANIZATIONNAME = "Jason Mitchell";
				TargetAttributes = {
					D3D22D072283E76D00B96536 = {
						CreatedOnToolsVersion = 10.2;
					};
				};
			};
			buildConfigurationList = D3D22D032283E76D00B96536 /* Build configuration list for PBXProject "Project28" */;
			compatibilityVersion = "Xcode 9.3";
			developmentRegion = en;
			hasScannedForEncodings = 0;
			knownRegions = (
				en,
				Base,
			);
			mainGroup = D3D22CFF2283E76D00B96536;
			productRefGroup = D3D22D092283E76D00B96536 /* Products */;
			projectDirPath = "";
			projectRoot = "";
			targets = (
				D3D22D072283E76D00B96536 /* Project28 */,
			);
		};
/* End PBXProject section */

/* Begin PBXResourcesBuildPhase section */
		D3D22D062283E76D00B96536 /* Resources */ = {
			isa = PBXResourcesBuildPhase;
			buildActionMask = 2147483647;
			files = (
				D3D22D162283E76E00B96536 /* LaunchScreen.storyboard in Resources */,
				D3D22D132283E76E00B96536 /* Assets.xcassets in Resources */,
				D3D22D112283E76D00B96536 /* Main.storyboard in Resources */,
			);
			runOnlyForDeploymentPostprocessing = 0;
		};
/* End PBXResourcesBuildPhase section */

/* Begin PBXSourcesBuildPhase section */
		D3D22D042283E76D00B96536 /* Sources */ = {
			isa = PBXSourcesBuildPhase;
			buildActionMask = 2147483647;
			files = (
				D307A10E2283EAA100FF0C96 /* KeychainWrapper.swift in Sources */,
				D307A10F2283EAA100FF0C96 /* KeychainItemAccessibility.swift in Sources */,
				D3D22D0E2283E76D00B96536 /* ViewController.swift in Sources */,
				D3D22D0C2283E76D00B96536 /* AppDelegate.swift in Sources */,
			);
			runOnlyForDeploymentPostprocessing = 0;
		};
/* End PBXSourcesBuildPhase section */

/* Begin PBXVariantGroup section */
		D3D22D0F2283E76D00B96536 /* Main.storyboard */ = {
			isa = PBXVariantGroup;
			children = (
				D3D22D102283E76D00B96536 /* Base */,
			);
			name = Main.storyboard;
			sourceTree = "<group>";
		};
		D3D22D142283E76E00B96536 /* LaunchScreen.storyboard */ = {
			isa = PBXVariantGroup;
			children = (
				D3D22D152283E76E00B96536 /* Base */,
			);
			name = LaunchScreen.storyboard;
			sourceTree = "<group>";
		};
/* End PBXVariantGroup section */

/* Begin XCBuildConfiguration section */
		D3D22D182283E76E00B96536 /* Debug */ = {
			isa = XCBuildConfiguration;
			buildSettings = {
				ALWAYS_SEARCH_USER_PATHS = NO;
				CLANG_ANALYZER_NONNULL = YES;
				CLANG_ANALYZER_NUMBER_OBJECT_CONVERSION = YES_AGGRESSIVE;
				CLANG_CXX_LANGUAGE_STANDARD = "gnu++14";
				CLANG_CXX_LIBRARY = "libc++";
				CLANG_ENABLE_MODULES = YES;
				CLANG_ENABLE_OBJC_ARC = YES;
				CLANG_ENABLE_OBJC_WEAK = YES;
				CLANG_WARN_BLOCK_CAPTURE_AUTORELEASING = YES;
				CLANG_WARN_BOOL_CONVERSION = YES;
				CLANG_WARN_COMMA = YES;
				CLANG_WARN_CONSTANT_CONVERSION = YES;
				CLANG_WARN_DEPRECATED_OBJC_IMPLEMENTATIONS = YES;
				CLANG_WARN_DIRECT_OBJC_ISA_USAGE = YES_ERROR;
				CLANG_WARN_DOCUMENTATION_COMMENTS = YES;
				CLANG_WARN_EMPTY_BODY = YES;
				CLANG_WARN_ENUM_CONVERSION = YES;
				CLANG_WARN_INFINITE_RECURSION = YES;
				CLANG_WARN_INT_CONVERSION = YES;
				CLANG_WARN_NON_LITERAL_NULL_CONVERSION = YES;
				CLANG_WARN_OBJC_IMPLICIT_RETAIN_SELF = YES;
				CLANG_WARN_OBJC_LITERAL_CONVERSION = YES;
				CLANG_WARN_OBJC_ROOT_CLASS = YES_ERROR;
				CLANG_WARN_RANGE_LOOP_ANALYSIS = YES;
				CLANG_WARN_STRICT_PROTOTYPES = YES;
				CLANG_WARN_SUSPICIOUS_MOVE = YES;
				CLANG_WARN_UNGUARDED_AVAILABILITY = YES_AGGRESSIVE;
				CLANG_WARN_UNREACHABLE_CODE = YES;
				CLANG_WARN__DUPLICATE_METHOD_MATCH = YES;
				CODE_SIGN_IDENTITY = "iPhone Developer";
				COPY_PHASE_STRIP = NO;
				DEBUG_INFORMATION_FORMAT = dwarf;
				ENABLE_STRICT_OBJC_MSGSEND = YES;
				ENABLE_TESTABILITY = YES;
				GCC_C_LANGUAGE_STANDARD = gnu11;
				GCC_DYNAMIC_NO_PIC = NO;
				GCC_NO_COMMON_BLOCKS = YES;
				GCC_OPTIMIZATION_LEVEL = 0;
				GCC_PREPROCESSOR_DEFINITIONS = (
					"DEBUG=1",
					"$(inherited)",
				);
				GCC_WARN_64_TO_32_BIT_CONVERSION = YES;
				GCC_WARN_ABOUT_RETURN_TYPE = YES_ERROR;
				GCC_WARN_UNDECLARED_SELECTOR = YES;
				GCC_WARN_UNINITIALIZED_AUTOS = YES_AGGRESSIVE;
				GCC_WARN_UNUSED_FUNCTION = YES;
				GCC_WARN_UNUSED_VARIABLE = YES;
				IPHONEOS_DEPLOYMENT_TARGET = 12.2;
				MTL_ENABLE_DEBUG_INFO = INCLUDE_SOURCE;
				MTL_FAST_MATH = YES;
				ONLY_ACTIVE_ARCH = YES;
				SDKROOT = iphoneos;
				SWIFT_ACTIVE_COMPILATION_CONDITIONS = DEBUG;
				SWIFT_OPTIMIZATION_LEVEL = "-Onone";
			};
			name = Debug;
		};
		D3D22D192283E76E00B96536 /* Release */ = {
			isa = XCBuildConfiguration;
			buildSettings = {
				ALWAYS_SEARCH_USER_PATHS = NO;
				CLANG_ANALYZER_NONNULL = YES;
				CLANG_ANALYZER_NUMBER_OBJECT_CONVERSION = YES_AGGRESSIVE;
				CLANG_CXX_LANGUAGE_STANDARD = "gnu++14";
				CLANG_CXX_LIBRARY = "libc++";
				CLANG_ENABLE_MODULES = YES;
				CLANG_ENABLE_OBJC_ARC = YES;
				CLANG_ENABLE_OBJC_WEAK = YES;
				CLANG_WARN_BLOCK_CAPTURE_AUTORELEASING = YES;
				CLANG_WARN_BOOL_CONVERSION = YES;
				CLANG_WARN_COMMA = YES;
				CLANG_WARN_CONSTANT_CONVERSION = YES;
				CLANG_WARN_DEPRECATED_OBJC_IMPLEMENTATIONS = YES;
				CLANG_WARN_DIRECT_OBJC_ISA_USAGE = YES_ERROR;
				CLANG_WARN_DOCUMENTATION_COMMENTS = YES;
				CLANG_WARN_EMPTY_BODY = YES;
				CLANG_WARN_ENUM_CONVERSION = YES;
				CLANG_WARN_INFINITE_RECURSION = YES;
				CLANG_WARN_INT_CONVERSION = YES;
				CLANG_WARN_NON_LITERAL_NULL_CONVERSION = YES;
				CLANG_WARN_OBJC_IMPLICIT_RETAIN_SELF = YES;
				CLANG_WARN_OBJC_LITERAL_CONVERSION = YES;
				CLANG_WARN_OBJC_ROOT_CLASS = YES_ERROR;
				CLANG_WARN_RANGE_LOOP_ANALYSIS = YES;
				CLANG_WARN_STRICT_PROTOTYPES = YES;
				CLANG_WARN_SUSPICIOUS_MOVE = YES;
				CLANG_WARN_UNGUARDED_AVAILABILITY = YES_AGGRESSIVE;
				CLANG_WARN_UNREACHABLE_CODE = YES;
				CLANG_WARN__DUPLICATE_METHOD_MATCH = YES;
				CODE_SIGN_IDENTITY = "iPhone Developer";
				COPY_PHASE_STRIP = NO;
				DEBUG_INFORMATION_FORMAT = "dwarf-with-dsym";
				ENABLE_NS_ASSERTIONS = NO;
				ENABLE_STRICT_OBJC_MSGSEND = YES;
				GCC_C_LANGUAGE_STANDARD = gnu11;
				GCC_NO_COMMON_BLOCKS = YES;
				GCC_WARN_64_TO_32_BIT_CONVERSION = YES;
				GCC_WARN_ABOUT_RETURN_TYPE = YES_ERROR;
				GCC_WARN_UNDECLARED_SELECTOR = YES;
				GCC_WARN_UNINITIALIZED_AUTOS = YES_AGGRESSIVE;
				GCC_WARN_UNUSED_FUNCTION = YES;
				GCC_WARN_UNUSED_VARIABLE = YES;
				IPHONEOS_DEPLOYMENT_TARGET = 12.2;
				MTL_ENABLE_DEBUG_INFO = NO;
				MTL_FAST_MATH = YES;
				SDKROOT = iphoneos;
				SWIFT_COMPILATION_MODE = wholemodule;
				SWIFT_OPTIMIZATION_LEVEL = "-O";
				VALIDATE_PRODUCT = YES;
			};
			name = Release;
		};
		D3D22D1B2283E76E00B96536 /* Debug */ = {
			isa = XCBuildConfiguration;
			buildSettings = {
				ASSETCATALOG_COMPILER_APPICON_NAME = AppIcon;
				CODE_SIGN_STYLE = Automatic;
				DEVELOPMENT_TEAM = FT544A278F;
				INFOPLIST_FILE = Project28/Info.plist;
				LD_RUNPATH_SEARCH_PATHS = (
					"$(inherited)",
					"@executable_path/Frameworks",
				);
				PRODUCT_BUNDLE_IDENTIFIER = com.devjm.Project28;
				PRODUCT_NAME = "$(TARGET_NAME)";
				SWIFT_VERSION = 5.0;
				TARGETED_DEVICE_FAMILY = "1,2";
			};
			name = Debug;
		};
		D3D22D1C2283E76E00B96536 /* Release */ = {
			isa = XCBuildConfiguration;
			buildSettings = {
				ASSETCATALOG_COMPILER_APPICON_NAME = AppIcon;
				CODE_SIGN_STYLE = Automatic;
				DEVELOPMENT_TEAM = FT544A278F;
				INFOPLIST_FILE = Project28/Info.plist;
				LD_RUNPATH_SEARCH_PATHS = (
					"$(inherited)",
					"@executable_path/Frameworks",
				);
				PRODUCT_BUNDLE_IDENTIFIER = com.devjm.Project28;
				PRODUCT_NAME = "$(TARGET_NAME)";
				SWIFT_VERSION = 5.0;
				TARGETED_DEVICE_FAMILY = "1,2";
			};
			name = Release;
		};
/* End XCBuildConfiguration section */

/* Begin XCConfigurationList section */
		D3D22D032283E76D00B96536 /* Build configuration list for PBXProject "Project28" */ = {
			isa = XCConfigurationList;
			buildConfigurations = (
				D3D22D182283E76E00B96536 /* Debug */,
				D3D22D192283E76E00B96536 /* Release */,
			);
			defaultConfigurationIsVisible = 0;
			defaultConfigurationName = Release;
		};
		D3D22D1A2283E76E00B96536 /* Build configuration list for PBXNativeTarget "Project28" */ = {
			isa = XCConfigurationList;
			buildConfigurations = (
				D3D22D1B2283E76E00B96536 /* Debug */,
				D3D22D1C2283E76E00B96536 /* Release */,
			);
			defaultConfigurationIsVisible = 0;
			defaultConfigurationName = Release;
		};
/* End XCConfigurationList section */
	};
	rootObject = D3D22D002283E76D00B96536 /* Project object */;
}
